<?xml version="1.0" encoding="utf-8"?>
<Project ToolsVersion="4.0" xmlns="http://schemas.microsoft.com/developer/msbuild/2003">
  <ItemGroup>
    <ClCompile Include="General.cpp" />
    <ClCompile Include="EssentialsCommands.cpp">
      <Filter>Features\Basic Commands</Filter>
    </ClCompile>
    <ClCompile Include="EssentialsPlayerDataClass.cpp">
      <Filter>Utils</Filter>
    </ClCompile>
    <ClCompile Include="EssentialsUtils.cpp">
      <Filter>Utils</Filter>
    </ClCompile>
    <ClCompile Include="EssentialsEventClass.cpp">
      <Filter>Features</Filter>
    </ClCompile>
    <ClCompile Include="EssentialsBadWordFilter.cpp">
      <Filter>Features\Bad Word Filter</Filter>
    </ClCompile>
    <ClCompile Include="EssentialsCrateInjector.cpp">
      <Filter>Features\Crate Injector</Filter>
    </ClCompile>
    <ClCompile Include="EssentialsGruntEffect.cpp">
      <Filter>Features\Grunt Effect</Filter>
    </ClCompile>
    <ClCompile Include="EssentialsJukebox.cpp">
      <Filter>Features\Jukebox</Filter>
    </ClCompile>
    <ClCompile Include="EssentialsMapHolograms.cpp">
      <Filter>Features\Map Holograms</Filter>
    </ClCompile>
    <ClCompile Include="EssentialsFreeForAllGameModeClass.cpp">
      <Filter>Game Modes\Free For All</Filter>
    </ClCompile>
    <ClCompile Include="EssentialsCustomPowerUpSpawners.cpp">
      <Filter>Features\Custom Power-Up Spawners</Filter>
    </ClCompile>
    <ClCompile Include="EssentialsAutoAnnounce.cpp">
      <Filter>Features\Auto Announce</Filter>
    </ClCompile>
    <ClCompile Include="EssentialsVoting.cpp">
      <Filter>Features\Voting</Filter>
    </ClCompile>
    <ClCompile Include="EssentialsCustomTag.cpp">
      <Filter>Features\Custom Tag</Filter>
    </ClCompile>
    <ClCompile Include="EssentialsSnipingGameModeClass.cpp">
      <Filter>Game Modes\Sniping</Filter>
    </ClCompile>
    <ClCompile Include="EssentialsAuthentication.cpp">
      <Filter>API\Authentication</Filter>
    </ClCompile>
    <ClCompile Include="EssentialsHolograms.cpp">
      <Filter>API\Holograms</Filter>
    </ClCompile>
    <ClCompile Include="EssentialsCMSManager.cpp">
      <Filter>API\Content Management System</Filter>
    </ClCompile>
    <ClCompile Include="EssentialsCMSReader.cpp">
      <Filter>API\Content Management System</Filter>
    </ClCompile>
    <ClCompile Include="EssentialsCMSDefinition.cpp">
      <Filter>API\Content Management System</Filter>
    </ClCompile>
    <ClCompile Include="EssentialsCMSView.cpp">
      <Filter>API\Content Management System</Filter>
    </ClCompile>
    <ClCompile Include="EssentialsFileIterator.cpp">
      <Filter>Utils</Filter>
    </ClCompile>
    <ClCompile Include="EssentialsCMSUtils.cpp">
      <Filter>API\Content Management System</Filter>
    </ClCompile>
  </ItemGroup>
  <ItemGroup>
    <ClInclude Include="General.h" />
    <ClInclude Include="EssentialsUtils.h">
      <Filter>Utils</Filter>
    </ClInclude>
    <ClInclude Include="EssentialsPlayerDataClass.h">
      <Filter>Utils</Filter>
    </ClInclude>
    <ClInclude Include="EssentialsEventClass.h">
      <Filter>Features</Filter>
    </ClInclude>
    <ClInclude Include="EssentialsBadWordFilter.h">
      <Filter>Features\Bad Word Filter</Filter>
    </ClInclude>
    <ClInclude Include="EssentialsCrateInjector.h">
      <Filter>Features\Crate Injector</Filter>
    </ClInclude>
    <ClInclude Include="EssentialsGruntEffect.h">
      <Filter>Features\Grunt Effect</Filter>
    </ClInclude>
    <ClInclude Include="EssentialsJukebox.h">
      <Filter>Features\Jukebox</Filter>
    </ClInclude>
    <ClInclude Include="EssentialsMapHolograms.h">
      <Filter>Features\Map Holograms</Filter>
    </ClInclude>
    <ClInclude Include="EssentialsFreeForAllGameModeClass.h">
      <Filter>Game Modes\Free For All</Filter>
    </ClInclude>
    <ClInclude Include="EssentialsCustomPowerUpSpawners.h">
      <Filter>Features\Custom Power-Up Spawners</Filter>
    </ClInclude>
    <ClInclude Include="EssentialsAutoAnnounce.h">
      <Filter>Features\Auto Announce</Filter>
    </ClInclude>
    <ClInclude Include="EssentialsVoting.h">
      <Filter>Features\Voting</Filter>
    </ClInclude>
    <ClInclude Include="EssentialsCustomTag.h">
      <Filter>Features\Custom Tag</Filter>
    </ClInclude>
    <ClInclude Include="EssentialsSnipingGameModeClass.h">
      <Filter>Game Modes\Sniping</Filter>
    </ClInclude>
    <ClInclude Include="EssentialsAuthentication.h">
      <Filter>API\Authentication</Filter>
    </ClInclude>
    <ClInclude Include="EssentialsHolograms.h">
      <Filter>API\Holograms</Filter>
    </ClInclude>
    <ClInclude Include="EssentialsCMSManager.h">
      <Filter>API\Content Management System</Filter>
    </ClInclude>
    <ClInclude Include="EssentialsCMSDefinition.h">
      <Filter>API\Content Management System</Filter>
    </ClInclude>
    <ClInclude Include="EssentialsCMSView.h">
      <Filter>API\Content Management System</Filter>
    </ClInclude>
    <ClInclude Include="EssentialsCMSReader.h">
      <Filter>API\Content Management System</Filter>
    </ClInclude>
    <ClInclude Include="EssentialsFileIterator.h">
      <Filter>Utils</Filter>
    </ClInclude>
    <ClInclude Include="EssentialsCMSUtils.h">
      <Filter>API\Content Management System</Filter>
    </ClInclude>
  </ItemGroup>
  <ItemGroup>
    <Filter Include="Features">
      <UniqueIdentifier>{b35e6bda-43b9-4284-8816-94397dc4977d}</UniqueIdentifier>
    </Filter>
    <Filter Include="Features\Basic Commands">
      <UniqueIdentifier>{0494668c-00d1-4018-acc4-34c00c9f5586}</UniqueIdentifier>
    </Filter>
    <Filter Include="Utils">
      <UniqueIdentifier>{b81483a3-5125-40ca-be98-debf34aadc88}</UniqueIdentifier>
    </Filter>
    <Filter Include="Features\Bad Word Filter">
      <UniqueIdentifier>{d3cd0b70-f7cc-43a1-801f-78d0f13bfbb9}</UniqueIdentifier>
    </Filter>
    <Filter Include="Features\Crate Injector">
      <UniqueIdentifier>{a14fd048-4ee1-45aa-b12a-d2db6b09177e}</UniqueIdentifier>
    </Filter>
    <Filter Include="Features\Grunt Effect">
      <UniqueIdentifier>{6b895335-70af-486e-a7d3-103f51e57868}</UniqueIdentifier>
    </Filter>
    <Filter Include="Features\Jukebox">
      <UniqueIdentifier>{97e1ae9f-d2e0-4e76-b163-9509371dd6e1}</UniqueIdentifier>
    </Filter>
    <Filter Include="API">
      <UniqueIdentifier>{48df59b5-ae9d-40ae-b93b-d2cc63e56302}</UniqueIdentifier>
    </Filter>
    <Filter Include="Features\Map Holograms">
      <UniqueIdentifier>{7c0acda1-78d5-4c1b-89b0-61fda5a220d6}</UniqueIdentifier>
    </Filter>
    <Filter Include="Game Modes">
      <UniqueIdentifier>{44cabcfd-15db-43e7-b9bc-6cf3338cc614}</UniqueIdentifier>
    </Filter>
    <Filter Include="Game Modes\Free For All">
      <UniqueIdentifier>{b21e7d24-0bf7-41f8-b2b2-4345a2f811bc}</UniqueIdentifier>
    </Filter>
    <Filter Include="Features\Custom Power-Up Spawners">
      <UniqueIdentifier>{0ebf8372-2e7e-4bde-bd54-8ab96ba33508}</UniqueIdentifier>
    </Filter>
    <Filter Include="Features\Auto Announce">
      <UniqueIdentifier>{53aff38e-70d5-4b9d-ad77-960b5a84007e}</UniqueIdentifier>
    </Filter>
    <Filter Include="Features\Voting">
      <UniqueIdentifier>{27ec3f33-dd45-43e4-b6f5-9547c8f71c47}</UniqueIdentifier>
    </Filter>
    <Filter Include="Features\Custom Tag">
      <UniqueIdentifier>{d2ad736d-f792-4233-a41f-bad07b522186}</UniqueIdentifier>
    </Filter>
    <Filter Include="Game Modes\Sniping">
      <UniqueIdentifier>{562c465f-31b5-497c-bb78-00cfd36356b9}</UniqueIdentifier>
    </Filter>
    <Filter Include="API\Authentication">
      <UniqueIdentifier>{d3bcb9f6-da62-4a31-83f6-d05123cc6fbb}</UniqueIdentifier>
    </Filter>
    <Filter Include="API\Holograms">
      <UniqueIdentifier>{5037e6a8-7884-4220-b92c-2e41fa5ad192}</UniqueIdentifier>
    </Filter>
    <Filter Include="API\Content Management System">
      <UniqueIdentifier>{ac153a44-bae9-42f5-8c0d-53136b109a72}</UniqueIdentifier>
    </Filter>
  </ItemGroup>
  <ItemGroup>
    <None Include="Essentials.ini" />
  </ItemGroup>
</Project>